
Microsoft Visual Studio Solution File, Format Version 12.00
# Visual Studio Version 16
VisualStudioVersion = 16.0.31321.278
MinimumVisualStudioVersion = 10.0.40219.1
Project("{FAE04EC0-301F-11D3-BF4B-00C04F79EFBC}") = "AVC", "AVC\AVC.csproj", "{39EE0422-BF34-4D66-A6B6-7E01529A7ED7}"
EndProject
Global
	GlobalSection(SolutionConfigurationPlatforms) = preSolution
		Debug|Any CPU = Debug|Any CPU
		Release|Any CPU = Release|Any CPU
	EndGlobalSection
	GlobalSection(ProjectConfigurationPlatforms) = postSolution
		{39EE0422-BF34-4D66-A6B6-7E01529A7ED7}.Debug|Any CPU.ActiveCfg = Debug|Any CPU
		{39EE0422-BF34-4D66-A6B6-7E01529A7ED7}.Debug|Any CPU.Build.0 = Debug|Any CPU
		{39EE0422-BF34-4D66-A6B6-7E01529A7ED7}.Release|Any CPU.ActiveCfg = Release|Any CPU
		{39EE0422-BF34-4D66-A6B6-7E01529A7ED7}.Release|Any CPU.Build.0 = Release|Any CPU
	EndGlobalSection
	GlobalSection(SolutionProperties) = preSolution
		HideSolutionNode = FALSE
	EndGlobalSection
	GlobalSection(ExtensibilityGlobals) = postSolution
		SolutionGuid = {756B1971-2777-49C1-ABBB-21F6A3B8C64A}
	EndGlobalSection
EndGlobal
